{
  "requires": true,
  "lockfileVersion": 1,
  "dependencies": {
    "amp": {
      "version": "0.3.1",
      "resolved": "https://registry.npmjs.org/amp/-/amp-0.3.1.tgz",
      "integrity": "sha1-at+NWKdPNh6CwfqNOJwHnhOfxH0="
    },
    "amp-message": {
      "version": "0.1.2",
      "resolved": "https://registry.npmjs.org/amp-message/-/amp-message-0.1.2.tgz",
      "integrity": "sha1-p48cmJlQh602GSpBKY5NtJ49/EU=",
      "requires": {
        "amp": "0.3.1"
      }
    },
    "ansi-regex": {
      "version": "0.2.1",
      "resolved": "https://registry.npmjs.org/ansi-regex/-/ansi-regex-0.2.1.tgz",
      "integrity": "sha1-DY6UaWej2BQ/k+JOKYUl/BsiNfk="
    },
    "ansi-styles": {
      "version": "1.1.0",
      "resolved": "https://registry.npmjs.org/ansi-styles/-/ansi-styles-1.1.0.tgz",
      "integrity": "sha1-6uy/Zs1waIJ2Cy9GkVgrj1XXp94="
    },
    "async": {
      "version": "0.9.2",
      "resolved": "https://registry.npmjs.org/async/-/async-0.9.2.tgz",
      "integrity": "sha1-rqdNXmHB+JlhO/ZL2mbUx48v0X0="
    },
    "async-each": {
      "version": "0.1.6",
      "resolved": "https://registry.npmjs.org/async-each/-/async-each-0.1.6.tgz",
      "integrity": "sha1-tn6Z7c3fllQeRK9WKQzX1cbnBDk="
    },
    "async-limiter": {
      "version": "1.0.0",
      "resolved": "https://registry.npmjs.org/async-limiter/-/async-limiter-1.0.0.tgz",
      "integrity": "sha512-jp/uFnooOiO+L211eZOoSyzpOITMXx1rBITauYykG3BRYPu8h0UcxsPNB04RR5vo4Tyz3+ay17tR6JVf9qzYWg=="
    },
    "async-listener": {
      "version": "0.6.10",
      "resolved": "https://registry.npmjs.org/async-listener/-/async-listener-0.6.10.tgz",
      "integrity": "sha512-gpuo6xOyF4D5DE5WvyqZdPA3NGhiT6Qf07l7DCB0wwDEsLvDIbCr6j9S5aj5Ch96dLace5tXVzWBZkxU/c5ohw==",
      "requires": {
        "semver": "^5.3.0",
        "shimmer": "^1.1.0"
      },
      "dependencies": {
        "semver": {
          "version": "5.6.0",
          "resolved": "https://registry.npmjs.org/semver/-/semver-5.6.0.tgz",
          "integrity": "sha512-RS9R6R35NYgQn++fkDWaOmqGoj4Ek9gGs+DPxNUZKuwE183xjJroKvyo1IzVFeXvUrvmALy6FWD5xrdJT25gMg=="
        }
      }
    },
    "axon": {
      "version": "2.0.0",
      "resolved": "https://registry.npmjs.org/axon/-/axon-2.0.0.tgz",
      "integrity": "sha1-v/GPKqKK3LAdo4dchFWvjTC3MZI=",
      "optional": true,
      "requires": {
        "amp": "~0.3.1",
        "amp-message": "~0.1.1",
        "configurable": "0.0.1",
        "debug": "*",
        "escape-regexp": "0.0.1"
      }
    },
    "blessed": {
      "version": "0.0.36",
      "resolved": "https://registry.npmjs.org/blessed/-/blessed-0.0.36.tgz",
      "integrity": "sha1-CxrQ4IemBXBa/RGdFsMMIqEhzpw=",
      "optional": true
    },
    "bodec": {
      "version": "0.1.0",
      "resolved": "https://registry.npmjs.org/bodec/-/bodec-0.1.0.tgz",
      "integrity": "sha1-vIUVVUMPI8n3ZQp172TGqUw0GMw="
    },
    "chalk": {
      "version": "0.5.1",
      "resolved": "https://registry.npmjs.org/chalk/-/chalk-0.5.1.tgz",
      "integrity": "sha1-Zjs6ZItotV0EaQ1JFnqoN4WPIXQ=",
      "requires": {
        "ansi-styles": "^1.1.0",
        "escape-string-regexp": "^1.0.0",
        "has-ansi": "^0.1.0",
        "strip-ansi": "^0.3.0",
        "supports-color": "^0.2.0"
      }
    },
    "charm": {
      "version": "0.1.2",
      "resolved": "https://registry.npmjs.org/charm/-/charm-0.1.2.tgz",
      "integrity": "sha1-BsIe7RobBq62dVPNxT4jJ0usIpY="
    },
    "chokidar": {
      "version": "0.12.6",
      "resolved": "https://registry.npmjs.org/chokidar/-/chokidar-0.12.6.tgz",
      "integrity": "sha1-viBPW5Y04AkxElbl1ujg5QgoTS8=",
      "requires": {
        "async-each": "~0.1.5",
        "fsevents": "~0.3.1",
        "readdirp": "~1.3.0"
      }
    },
    "cli-table": {
      "version": "0.3.1",
      "resolved": "https://registry.npmjs.org/cli-table/-/cli-table-0.3.1.tgz",
      "integrity": "sha1-9TsFJmqLGguTSz0IIebi3FkUriM=",
      "requires": {
        "colors": "1.0.3"
      }
    },
    "coffee-script": {
      "version": "1.8.0",
      "resolved": "https://registry.npmjs.org/coffee-script/-/coffee-script-1.8.0.tgz",
      "integrity": "sha1-nJ8dK0pSoADe0Vtll5FwNkgmPB0=",
      "requires": {
        "mkdirp": "~0.3.5"
      }
    },
    "colors": {
      "version": "1.0.3",
      "resolved": "https://registry.npmjs.org/colors/-/colors-1.0.3.tgz",
      "integrity": "sha1-BDP0TYCWgP3rYO0mDxsMJi6CpAs="
    },
    "commander": {
      "version": "2.6.0",
      "resolved": "https://registry.npmjs.org/commander/-/commander-2.6.0.tgz",
      "integrity": "sha1-nfflL7Kgyw+4kFjugMMQQiXzfh0="
    },
    "configurable": {
      "version": "0.0.1",
      "resolved": "https://registry.npmjs.org/configurable/-/configurable-0.0.1.tgz",
      "integrity": "sha1-R9dbcntRtOuEwdra/j+CQDE4M7E=",
      "optional": true
    },
    "continuation-local-storage": {
      "version": "3.2.1",
      "resolved": "https://registry.npmjs.org/continuation-local-storage/-/continuation-local-storage-3.2.1.tgz",
      "integrity": "sha512-jx44cconVqkCEEyLSKWwkvUXwO561jXMa3LPjTPsm5QR22PA0/mhe33FT4Xb5y74JDvt/Cq+5lm8S8rskLv9ZA==",
      "requires": {
        "async-listener": "^0.6.0",
        "emitter-listener": "^1.1.1"
      }
    },
    "core-util-is": {
      "version": "1.0.2",
      "resolved": "https://registry.npmjs.org/core-util-is/-/core-util-is-1.0.2.tgz",
      "integrity": "sha1-tf1UIgqivFq1eqtxQMlAdUUDwac="
    },
    "cron": {
      "version": "1.0.5",
      "resolved": "https://registry.npmjs.org/cron/-/cron-1.0.5.tgz",
      "integrity": "sha1-kSfi7bgxr+hnvnk4j0ONSD+STw4="
    },
    "culvert": {
      "version": "0.1.2",
      "resolved": "https://registry.npmjs.org/culvert/-/culvert-0.1.2.tgz",
      "integrity": "sha1-lQL18BVKLVoioCPnn3HMk2+m728="
    },
    "debug": {
      "version": "2.1.0",
      "resolved": "https://registry.npmjs.org/debug/-/debug-2.1.0.tgz",
      "integrity": "sha1-M6uRVlnYwsyKQUQ9lNbr03aX7SE=",
      "requires": {
        "ms": "0.6.2"
      }
    },
    "deep-metrics": {
      "version": "0.0.1",
      "resolved": "https://registry.npmjs.org/deep-metrics/-/deep-metrics-0.0.1.tgz",
      "integrity": "sha512-732WmZgCWxOkf4QBvrCjPPuT6wTEzaGye/4JqYsU/sO0J53UNX4PBwK0JV262BZ5cxgLmKhU+NlrtKdPDgybkg==",
      "requires": {
        "semver": "^5.3.0"
      },
      "dependencies": {
        "semver": {
          "version": "5.6.0",
          "resolved": "https://registry.npmjs.org/semver/-/semver-5.6.0.tgz",
          "integrity": "sha512-RS9R6R35NYgQn++fkDWaOmqGoj4Ek9gGs+DPxNUZKuwE183xjJroKvyo1IzVFeXvUrvmALy6FWD5xrdJT25gMg=="
        }
      }
    },
    "discord.js": {
      "version": "11.4.2",
      "resolved": "https://registry.npmjs.org/discord.js/-/discord.js-11.4.2.tgz",
      "integrity": "sha512-MDwpu0lMFTjqomijDl1Ed9miMQe6kB4ifKdP28QZllmLv/HVOJXhatRgjS8urp/wBlOfx+qAYSXcdI5cKGYsfg==",
      "requires": {
        "long": "^4.0.0",
        "prism-media": "^0.0.3",
        "snekfetch": "^3.6.4",
        "tweetnacl": "^1.0.0",
        "ws": "^4.0.0"
      }
    },
    "emitter-listener": {
      "version": "1.1.2",
      "resolved": "https://registry.npmjs.org/emitter-listener/-/emitter-listener-1.1.2.tgz",
      "integrity": "sha512-Bt1sBAGFHY9DKY+4/2cV6izcKJUf5T7/gkdmkxzX/qv9CcGH8xSwVRW5mtX03SWJtRTWSOpzCuWN9rBFYZepZQ==",
      "requires": {
        "shimmer": "^1.2.0"
      }
    },
    "escape-regexp": {
      "version": "0.0.1",
      "resolved": "https://registry.npmjs.org/escape-regexp/-/escape-regexp-0.0.1.tgz",
      "integrity": "sha1-9EvaEtRbvfnLf4Yu5+SCez3TIlQ="
    },
    "escape-string-regexp": {
      "version": "1.0.5",
      "resolved": "https://registry.npmjs.org/escape-string-regexp/-/escape-string-regexp-1.0.5.tgz",
      "integrity": "sha1-G2HAViGQqN/2rjuyzwIAyhMLhtQ="
    },
    "eventemitter2": {
      "version": "0.4.14",
      "resolved": "https://registry.npmjs.org/eventemitter2/-/eventemitter2-0.4.14.tgz",
      "integrity": "sha1-j2G3XN4BKy6esoTUVFWDtWQ7Yas="
    },
    "extend": {
      "version": "3.0.2",
      "resolved": "https://registry.npmjs.org/extend/-/extend-3.0.2.tgz",
      "integrity": "sha512-fjquC59cD7CyW6urNXK0FBufkZcoiGG80wTuPujX590cB5Ttln20E2UB4S/WARVqhXffZl2LNgS+gQdPIIim/g=="
    },
    "fsevents": {
      "version": "0.3.8",
      "resolved": "https://registry.npmjs.org/fsevents/-/fsevents-0.3.8.tgz",
      "integrity": "sha1-mZLxAyySXIKVVNDVmAHcoDE6U1Y=",
      "optional": true,
      "requires": {
        "nan": "^2.0.2"
      }
    },
    "git-node-fs": {
      "version": "1.0.0",
      "resolved": "https://registry.npmjs.org/git-node-fs/-/git-node-fs-1.0.0.tgz",
      "integrity": "sha1-SbIV4kLr5Dqkx1Ybu6SZUhdSCA8="
    },
    "git-sha1": {
      "version": "0.1.2",
      "resolved": "https://registry.npmjs.org/git-sha1/-/git-sha1-0.1.2.tgz",
      "integrity": "sha1-WZrBkrcYdYJeE6RF86bgURjC90U="
    },
    "graceful-fs": {
      "version": "2.0.3",
      "resolved": "https://registry.npmjs.org/graceful-fs/-/graceful-fs-2.0.3.tgz",
      "integrity": "sha1-fNLNsiiko/Nule+mzBQt59GhNtA="
    },
    "has-ansi": {
      "version": "0.1.0",
      "resolved": "https://registry.npmjs.org/has-ansi/-/has-ansi-0.1.0.tgz",
      "integrity": "sha1-hPJlqujA5qiKEtcCKJS3VoiUxi4=",
      "requires": {
        "ansi-regex": "^0.2.0"
      }
    },
    "has-color": {
      "version": "0.1.7",
      "resolved": "https://registry.npmjs.org/has-color/-/has-color-0.1.7.tgz",
      "integrity": "sha1-ZxRKUmDDT8PMpnfQQdr1L+e3iy8=",
      "optional": true
    },
    "inherits": {
      "version": "2.0.3",
      "resolved": "https://registry.npmjs.org/inherits/-/inherits-2.0.3.tgz",
      "integrity": "sha1-Yzwsg+PaQqUC9SRmAiSA9CCCYd4="
    },
    "ini": {
      "version": "1.3.5",
      "resolved": "https://registry.npmjs.org/ini/-/ini-1.3.5.tgz",
      "integrity": "sha512-RZY5huIKCMRWDUqZlEi72f/lmXKMvuszcMBduliQ3nnWbx9X/ZBQO7DijMEYS9EhHBb2qacRUMtC7svLwe0lcw=="
    },
    "is": {
      "version": "3.3.0",
      "resolved": "https://registry.npmjs.org/is/-/is-3.3.0.tgz",
      "integrity": "sha512-nW24QBoPcFGGHJGUwnfpI7Yc5CdqWNdsyHQszVE/z2pKHXzh7FZ5GWhJqSyaQ9wMkQnsTx+kAI8bHlCX4tKdbg=="
    },
    "isarray": {
      "version": "0.0.1",
      "resolved": "https://registry.npmjs.org/isarray/-/isarray-0.0.1.tgz",
      "integrity": "sha1-ihis/Kmo9Bd+Cav8YDiTmwXR7t8="
    },
    "isbinaryfile": {
      "version": "2.0.4",
      "resolved": "https://registry.npmjs.org/isbinaryfile/-/isbinaryfile-2.0.4.tgz",
      "integrity": "sha1-0jWS5qbwk++4TC5hUgVr4pTkFKE="
    },
    "js-git": {
      "version": "0.7.8",
      "resolved": "https://registry.npmjs.org/js-git/-/js-git-0.7.8.tgz",
      "integrity": "sha1-UvplWrYYd9bxB578ZTS1VPMeVEQ=",
      "requires": {
        "bodec": "^0.1.0",
        "culvert": "^0.1.2",
        "git-sha1": "^0.1.2",
        "pako": "^0.2.5"
      }
    },
    "json-stringify-safe": {
      "version": "5.0.0",
      "resolved": "https://registry.npmjs.org/json-stringify-safe/-/json-stringify-safe-5.0.0.tgz",
      "integrity": "sha1-TB8ii1BQg366nSH1DC5uMgYkVm4="
    },
    "keypress": {
      "version": "0.1.0",
      "resolved": "https://registry.npmjs.org/keypress/-/keypress-0.1.0.tgz",
      "integrity": "sha1-SjGI1CkbZrT2XtuZ+AaqmuKTWSo="
    },
    "lazy": {
      "version": "1.0.11",
      "resolved": "https://registry.npmjs.org/lazy/-/lazy-1.0.11.tgz",
      "integrity": "sha1-2qBoIGKCVCwIgojpdcKXwa53tpA="
    },
    "lodash": {
      "version": "4.17.11",
      "resolved": "https://registry.npmjs.org/lodash/-/lodash-4.17.11.tgz",
      "integrity": "sha512-cQKh8igo5QUhZ7lg38DYWAxMvjSAKG0A8wGSVimP07SIUEK2UO+arSRKbRZWtelMtN5V0Hkwh5ryOto/SshYIg=="
    },
    "lodash.findindex": {
      "version": "4.6.0",
      "resolved": "https://registry.npmjs.org/lodash.findindex/-/lodash.findindex-4.6.0.tgz",
      "integrity": "sha1-oyRd7mH7m24GJLU1ElYku2nBEQY="
    },
    "lodash.foreach": {
      "version": "4.5.0",
      "resolved": "https://registry.npmjs.org/lodash.foreach/-/lodash.foreach-4.5.0.tgz",
      "integrity": "sha1-Gmo16s5AEoDH8G3d7DUWWrJ+PlM="
    },
    "lodash.get": {
      "version": "4.4.2",
      "resolved": "https://registry.npmjs.org/lodash.get/-/lodash.get-4.4.2.tgz",
      "integrity": "sha1-LRd/ZS+jHpObRDjVNBSZ36OCXpk="
    },
    "lodash.isequal": {
      "version": "4.5.0",
      "resolved": "https://registry.npmjs.org/lodash.isequal/-/lodash.isequal-4.5.0.tgz",
      "integrity": "sha1-QVxEePK8wwEgwizhDtMib30+GOA="
    },
    "lodash.last": {
      "version": "3.0.0",
      "resolved": "https://registry.npmjs.org/lodash.last/-/lodash.last-3.0.0.tgz",
      "integrity": "sha1-JC9mMRLdTG5jcoxgo8kJ0b2tvUw="
    },
    "lodash.merge": {
      "version": "4.6.1",
      "resolved": "https://registry.npmjs.org/lodash.merge/-/lodash.merge-4.6.1.tgz",
      "integrity": "sha512-AOYza4+Hf5z1/0Hztxpm2/xiPZgi/cjMqdnKTUWTBSKchJlxXXuUSxCCl8rJlf4g6yww/j6mA8nC8Hw/EZWxKQ=="
    },
    "long": {
      "version": "4.0.0",
      "resolved": "https://registry.npmjs.org/long/-/long-4.0.0.tgz",
      "integrity": "sha512-XsP+KhQif4bjX1kbuSiySJFNAehNxgLb6hPRGJ9QsUr8ajHkuXGdrHmFUTUUXhDwVX2R5bY4JNZEwbUiMhV+MA=="
    },
    "lru-cache": {
      "version": "2.7.3",
      "resolved": "https://registry.npmjs.org/lru-cache/-/lru-cache-2.7.3.tgz",
      "integrity": "sha1-bUUk6LlV+V1PW1iFHOId1y+06VI="
    },
    "methods": {
      "version": "1.1.2",
      "resolved": "https://registry.npmjs.org/methods/-/methods-1.1.2.tgz",
      "integrity": "sha1-VSmk1nZUE07cxSZmVoNbD4Ua/O4="
    },
    "minimatch": {
      "version": "0.2.14",
      "resolved": "https://registry.npmjs.org/minimatch/-/minimatch-0.2.14.tgz",
      "integrity": "sha1-x054BXT2PG+aCQ6Q775u9TpqdWo=",
      "requires": {
        "lru-cache": "2",
        "sigmund": "~1.0.0"
      }
    },
    "mkdirp": {
      "version": "0.3.5",
      "resolved": "https://registry.npmjs.org/mkdirp/-/mkdirp-0.3.5.tgz",
      "integrity": "sha1-3j5fiWHIjHh+4TaN+EmsRBPsqNc="
    },
    "moment": {
      "version": "2.9.0",
      "resolved": "https://registry.npmjs.org/moment/-/moment-2.9.0.tgz",
      "integrity": "sha1-d+wRdfopT0JifxDI5t5jAsA29tU="
    },
    "ms": {
      "version": "0.6.2",
      "resolved": "https://registry.npmjs.org/ms/-/ms-0.6.2.tgz",
      "integrity": "sha1-2JwhJMb9wTU9Zai3e/GqxLGTcIw="
    },
    "nan": {
      "version": "2.12.1",
      "resolved": "https://registry.npmjs.org/nan/-/nan-2.12.1.tgz",
      "integrity": "sha512-JY7V6lRkStKcKTvHO5NVSQRv+RV+FIL5pvDoLiAtSL9pKlC5x9PKQcZDsq7m4FO4d57mkhC6Z+QhAh3Jdk5JFw==",
      "optional": true
    },
    "nssocket": {
      "version": "0.5.3",
      "resolved": "https://registry.npmjs.org/nssocket/-/nssocket-0.5.3.tgz",
      "integrity": "sha1-iDyi7GBfXtZKTVGQsmJUAZKPj40=",
      "requires": {
        "eventemitter2": "~0.4.14",
        "lazy": "~1.0.11"
      }
    },
    "pako": {
      "version": "0.2.9",
      "resolved": "https://registry.npmjs.org/pako/-/pako-0.2.9.tgz",
      "integrity": "sha1-8/dSL073gjSNqBYbrZ7P1Rv4OnU="
    },
    "pidusage": {
      "version": "0.1.1",
      "resolved": "https://registry.npmjs.org/pidusage/-/pidusage-0.1.1.tgz",
      "integrity": "sha1-fIopAFOJMeu+GmKpMI53s3s2pTA="
    },
    "pm2-axon": {
      "version": "3.3.0",
      "resolved": "https://registry.npmjs.org/pm2-axon/-/pm2-axon-3.3.0.tgz",
      "integrity": "sha512-dAFlFYRuFbFjX7oAk41zT+dx86EuaFX/TgOp5QpUKRKwxb946IM6ydnoH5sSTkdI2pHSVZ+3Am8n/l0ocr7jdQ==",
      "requires": {
        "amp": "~0.3.1",
        "amp-message": "~0.1.1",
        "debug": "^3.0",
        "escape-regexp": "0.0.1"
      },
      "dependencies": {
        "debug": {
          "version": "3.2.6",
          "resolved": "https://registry.npmjs.org/debug/-/debug-3.2.6.tgz",
          "integrity": "sha512-mel+jf7nrtEl5Pn1Qx46zARXKDpBbvzezse7p7LqINmdoIk8PYP5SySaxEmYv6TZ0JyEKA1hsCId6DIhgITtWQ==",
          "requires": {
            "ms": "^2.1.1"
          }
        },
        "ms": {
          "version": "2.1.1",
          "resolved": "https://registry.npmjs.org/ms/-/ms-2.1.1.tgz",
          "integrity": "sha512-tgp+dl5cGk28utYktBsrFqA7HKgrhgPsg6Z/EfhWI4gl1Hwq8B/GmY/0oXZ6nF8hDVesS/FpnYaD/kOWhYQvyg=="
        }
      }
    },
    "pm2-axon-rpc": {
      "version": "0.3.6",
      "resolved": "https://registry.npmjs.org/pm2-axon-rpc/-/pm2-axon-rpc-0.3.6.tgz",
      "integrity": "sha1-Cokx9PbeR783kWM8xnWw5HAPNqA=",
      "requires": {
        "commander": "1.0.5",
        "debug": "*",
        "json-stringify-safe": "*"
      },
      "dependencies": {
        "commander": {
          "version": "1.0.5",
          "resolved": "https://registry.npmjs.org/commander/-/commander-1.0.5.tgz",
          "integrity": "sha1-RXKVu5duOI6d0NtS3kMz4knz2Iw=",
          "requires": {
            "keypress": "0.1.x"
          }
        }
      }
    },
    "pm2-deploy": {
      "version": "0.4.0",
      "resolved": "https://registry.npmjs.org/pm2-deploy/-/pm2-deploy-0.4.0.tgz",
      "integrity": "sha512-3BdCghcGwMKwl3ffHZhc+j5JY5dldH9nq8m/I9W5wehJuSRZIyO96VOgKTMv3hYp7Yk5E+2lRGm8WFNlp65vOA==",
      "requires": {
        "async": "^2.6",
        "tv4": "^1.3"
      },
      "dependencies": {
        "async": {
          "version": "2.6.2",
          "resolved": "https://registry.npmjs.org/async/-/async-2.6.2.tgz",
          "integrity": "sha512-H1qVYh1MYhEEFLsP97cVKqCGo7KfCyTt6uEWqsTBr9SO84oK9Uwbyd/yCW+6rKJLHksBNUVWZDAjfS+Ccx0Bbg==",
          "requires": {
            "lodash": "^4.17.11"
          }
        }
      }
    },
    "pm2-interface": {
      "version": "1.1.0",
      "resolved": "https://registry.npmjs.org/pm2-interface/-/pm2-interface-1.1.0.tgz",
      "integrity": "sha1-cbQbO00I5Zue5AkEPYoGLPW+DWc=",
      "optional": true,
      "requires": {
        "axon": "2.0.0",
        "debug": "*",
        "pm2-axon-rpc": "~0.2.0"
      },
      "dependencies": {
        "commander": {
          "version": "1.0.5",
          "resolved": "https://registry.npmjs.org/commander/-/commander-1.0.5.tgz",
          "integrity": "sha1-RXKVu5duOI6d0NtS3kMz4knz2Iw=",
          "optional": true,
          "requires": {
            "keypress": "0.1.x"
          }
        },
        "pm2-axon-rpc": {
          "version": "0.2.1",
          "resolved": "https://registry.npmjs.org/pm2-axon-rpc/-/pm2-axon-rpc-0.2.1.tgz",
          "integrity": "sha1-yyXuw4gd52WDstmM0FAm1Hc8sYQ=",
          "optional": true,
          "requires": {
            "commander": "1.0.5",
            "debug": "*",
            "json-stringify-safe": "*"
          }
        }
      }
    },
    "pm2-logs": {
      "version": "0.1.1",
      "resolved": "https://registry.npmjs.org/pm2-logs/-/pm2-logs-0.1.1.tgz",
      "integrity": "sha1-bZRf02X+bcdDIdfw9b/D6rDrWww=",
      "optional": true,
      "requires": {
        "blessed": "0.0.36",
        "chalk": "~0.4.0",
        "json-stringify-safe": "^5.0.0",
        "moment": "^2.7.0",
        "pm2-interface": "~1.1.0"
      },
      "dependencies": {
        "ansi-styles": {
          "version": "1.0.0",
          "resolved": "https://registry.npmjs.org/ansi-styles/-/ansi-styles-1.0.0.tgz",
          "integrity": "sha1-yxAt8cVvUSPquLZ817mAJ6AnkXg=",
          "optional": true
        },
        "chalk": {
          "version": "0.4.0",
          "resolved": "https://registry.npmjs.org/chalk/-/chalk-0.4.0.tgz",
          "integrity": "sha1-UZmj3c0MHv4jvAjBsCewYXbgxk8=",
          "optional": true,
          "requires": {
            "ansi-styles": "~1.0.0",
            "has-color": "~0.1.0",
            "strip-ansi": "~0.1.0"
          }
        },
        "strip-ansi": {
          "version": "0.1.1",
          "resolved": "https://registry.npmjs.org/strip-ansi/-/strip-ansi-0.1.1.tgz",
          "integrity": "sha1-OeipjQRNFQZgq+SmgIrPcLt7yZE=",
          "optional": true
        }
      }
    },
    "pm2-multimeter": {
      "version": "0.1.2",
      "resolved": "https://registry.npmjs.org/pm2-multimeter/-/pm2-multimeter-0.1.2.tgz",
      "integrity": "sha1-Gh5VFT1BoFU0zqI8/oYKuqDrSs4=",
      "requires": {
        "charm": "~0.1.1"
      }
    },
    "pm2.5": {
      "version": "0.0.128",
      "resolved": "https://registry.npmjs.org/pm2.5/-/pm2.5-0.0.128.tgz",
      "integrity": "sha1-LF6s8/CfwdPH7c3ikWkL1OFfrxI=",
      "requires": {
        "async": "~0.9.0",
        "chalk": "~0.5.1",
        "chokidar": "~0.12.0",
        "cli-table": "0.3.1",
        "coffee-script": "1.8.0",
        "colors": "1.0.3",
        "commander": "2.6.0",
        "cron": "1.0.5",
        "debug": "2.1.0",
        "eventemitter2": "0.4.14",
        "isbinaryfile": "^2.0.3",
        "json-stringify-safe": "5.0.0",
        "moment": "2.9.0",
        "nssocket": "0.5.3",
        "pidusage": "0.1.1",
        "pm2-axon": "^3.3.0",
        "pm2-axon-rpc": "0.3.6",
        "pm2-deploy": "^0.4.0",
        "pm2-logs": "~0.1.1",
        "pm2-multimeter": "0.1.2",
        "pmx": "^1.6.7",
        "semver": "4.3.1",
        "shelljs": "0.3.0",
        "vizion": "^2.0.2"
      }
    },
    "pmx": {
      "version": "1.6.7",
      "resolved": "https://registry.npmjs.org/pmx/-/pmx-1.6.7.tgz",
      "integrity": "sha512-CoyZD1EWj/fvpuEPnndB11s5onzN5p/0bxGsBuwbyb8uFtg3lMxXys1pXs88gReiRnMSYCSt25J3GCc6AnxoFQ==",
      "requires": {
        "debug": "^3",
        "deep-metrics": "^0.0.1",
        "json-stringify-safe": "^5.0",
        "semver": "5.*",
        "vxx": "^1.2.0"
      },
      "dependencies": {
        "debug": {
          "version": "3.2.6",
          "resolved": "https://registry.npmjs.org/debug/-/debug-3.2.6.tgz",
          "integrity": "sha512-mel+jf7nrtEl5Pn1Qx46zARXKDpBbvzezse7p7LqINmdoIk8PYP5SySaxEmYv6TZ0JyEKA1hsCId6DIhgITtWQ==",
          "requires": {
            "ms": "^2.1.1"
          }
        },
        "ms": {
          "version": "2.1.1",
          "resolved": "https://registry.npmjs.org/ms/-/ms-2.1.1.tgz",
          "integrity": "sha512-tgp+dl5cGk28utYktBsrFqA7HKgrhgPsg6Z/EfhWI4gl1Hwq8B/GmY/0oXZ6nF8hDVesS/FpnYaD/kOWhYQvyg=="
        },
        "semver": {
          "version": "5.6.0",
          "resolved": "https://registry.npmjs.org/semver/-/semver-5.6.0.tgz",
          "integrity": "sha512-RS9R6R35NYgQn++fkDWaOmqGoj4Ek9gGs+DPxNUZKuwE183xjJroKvyo1IzVFeXvUrvmALy6FWD5xrdJT25gMg=="
        }
      }
    },
    "prism-media": {
      "version": "0.0.3",
      "resolved": "https://registry.npmjs.org/prism-media/-/prism-media-0.0.3.tgz",
      "integrity": "sha512-c9KkNifSMU/iXT8FFTaBwBMr+rdVcN+H/uNv1o+CuFeTThNZNTOrQ+RgXA1yL/DeLk098duAeRPP3QNPNbhxYQ=="
    },
    "readable-stream": {
      "version": "1.0.34",
      "resolved": "https://registry.npmjs.org/readable-stream/-/readable-stream-1.0.34.tgz",
      "integrity": "sha1-Elgg40vIQtLyqq+v5MKRbuMsFXw=",
      "requires": {
        "core-util-is": "~1.0.0",
        "inherits": "~2.0.1",
        "isarray": "0.0.1",
        "string_decoder": "~0.10.x"
      }
    },
    "readdirp": {
      "version": "1.3.0",
      "resolved": "https://registry.npmjs.org/readdirp/-/readdirp-1.3.0.tgz",
      "integrity": "sha1-6vGptGO+moGQ/JrhY6oayTSqNAs=",
      "requires": {
        "graceful-fs": "~2.0.0",
        "minimatch": "~0.2.12",
        "readable-stream": "~1.0.26-2"
      }
    },
    "safe-buffer": {
      "version": "5.1.2",
      "resolved": "https://registry.npmjs.org/safe-buffer/-/safe-buffer-5.1.2.tgz",
      "integrity": "sha512-Gd2UZBJDkXlY7GbJxfsE8/nvKkUEU1G38c1siN6QP6a9PT9MmHB8GnpscSmMJSoF8LOIrt8ud/wPtojys4G6+g=="
    },
    "semver": {
      "version": "4.3.1",
      "resolved": "https://registry.npmjs.org/semver/-/semver-4.3.1.tgz",
      "integrity": "sha1-vrASlXW5X3YRCymvCNNw/Z7rNL8="
    },
    "shelljs": {
      "version": "0.3.0",
      "resolved": "https://registry.npmjs.org/shelljs/-/shelljs-0.3.0.tgz",
      "integrity": "sha1-NZbmMHp4FUT1kfN9phg2DzHbV7E="
    },
    "shimmer": {
      "version": "1.2.1",
      "resolved": "https://registry.npmjs.org/shimmer/-/shimmer-1.2.1.tgz",
      "integrity": "sha512-sQTKC1Re/rM6XyFM6fIAGHRPVGvyXfgzIDvzoq608vM+jeyVD0Tu1E6Np0Kc2zAIFWIj963V2800iF/9LPieQw=="
    },
    "sigmund": {
      "version": "1.0.1",
      "resolved": "https://registry.npmjs.org/sigmund/-/sigmund-1.0.1.tgz",
      "integrity": "sha1-P/IfGYytIXX587eBhT/ZTQ0ZtZA="
    },
    "snekfetch": {
      "version": "3.6.4",
      "resolved": "https://registry.npmjs.org/snekfetch/-/snekfetch-3.6.4.tgz",
      "integrity": "sha512-NjxjITIj04Ffqid5lqr7XdgwM7X61c/Dns073Ly170bPQHLm6jkmelye/eglS++1nfTWktpP6Y2bFXjdPlQqdw=="
    },
    "string_decoder": {
      "version": "0.10.31",
      "resolved": "https://registry.npmjs.org/string_decoder/-/string_decoder-0.10.31.tgz",
      "integrity": "sha1-YuIDvEF2bGwoyfyEMB2rHFMQ+pQ="
    },
    "strip-ansi": {
      "version": "0.3.0",
      "resolved": "https://registry.npmjs.org/strip-ansi/-/strip-ansi-0.3.0.tgz",
      "integrity": "sha1-JfSOoiynkYfzF0pNuHWTR7sSYiA=",
      "requires": {
        "ansi-regex": "^0.2.1"
      }
    },
    "supports-color": {
      "version": "0.2.0",
      "resolved": "https://registry.npmjs.org/supports-color/-/supports-color-0.2.0.tgz",
      "integrity": "sha1-2S3iaU6z9nMjlz1649i1W0wiGQo="
    },
    "tv4": {
      "version": "1.3.0",
      "resolved": "https://registry.npmjs.org/tv4/-/tv4-1.3.0.tgz",
      "integrity": "sha1-0CDIRvrdUMhVq7JeuuzGj8EPeWM="
    },
    "tweetnacl": {
      "version": "1.0.1",
      "resolved": "https://registry.npmjs.org/tweetnacl/-/tweetnacl-1.0.1.tgz",
      "integrity": "sha512-kcoMoKTPYnoeS50tzoqjPY3Uv9axeuuFAZY9M/9zFnhoVvRfxz9K29IMPD7jGmt2c8SW7i3gT9WqDl2+nV7p4A=="
    },
    "uuid": {
      "version": "3.3.2",
      "resolved": "https://registry.npmjs.org/uuid/-/uuid-3.3.2.tgz",
      "integrity": "sha512-yXJmeNaw3DnnKAOKJE51sL/ZaYfWJRl1pK9dr19YFCu0ObS231AB1/LbqTKRAQ5kw8A90rA6fr4riOUpTZvQZA=="
    },
    "vizion": {
      "version": "2.0.2",
      "resolved": "https://registry.npmjs.org/vizion/-/vizion-2.0.2.tgz",
      "integrity": "sha512-UGDB/UdC1iyPkwyQaI9AFMwKcluQyD4FleEXObrlu254MEf16MV8l+AZdpFErY/iVKZVWlQ+OgJlVVJIdeMUYg==",
      "requires": {
        "async": "2.6.1",
        "git-node-fs": "^1.0.0",
        "ini": "^1.3.4",
        "js-git": "^0.7.8",
        "lodash.findindex": "^4.6.0",
        "lodash.foreach": "^4.5.0",
        "lodash.get": "^4.4.2",
        "lodash.last": "^3.0.0"
      },
      "dependencies": {
        "async": {
          "version": "2.6.1",
          "resolved": "https://registry.npmjs.org/async/-/async-2.6.1.tgz",
          "integrity": "sha512-fNEiL2+AZt6AlAw/29Cr0UDe4sRAHCpEHh54WMz+Bb7QfNcFw4h3loofyJpLeQs4Yx7yuqu/2dLgM5hKOs6HlQ==",
          "requires": {
            "lodash": "^4.17.10"
          }
        }
      }
    },
    "vxx": {
      "version": "1.2.2",
      "resolved": "https://registry.npmjs.org/vxx/-/vxx-1.2.2.tgz",
      "integrity": "sha1-dB+1HG8R0zg9pvm5IBil17qAdhE=",
      "requires": {
        "continuation-local-storage": "^3.1.4",
        "debug": "^2.6.3",
        "extend": "^3.0.0",
        "is": "^3.2.0",
        "lodash.findindex": "^4.4.0",
        "lodash.isequal": "^4.0.0",
        "lodash.merge": "^4.6.0",
        "methods": "^1.1.1",
        "semver": "^5.0.1",
        "shimmer": "^1.0.0",
        "uuid": "^3.0.1"
      },
      "dependencies": {
        "debug": {
          "version": "2.6.9",
          "resolved": "https://registry.npmjs.org/debug/-/debug-2.6.9.tgz",
          "integrity": "sha512-bC7ElrdJaJnPbAP+1EotYvqZsb3ecl5wi6Bfi6BJTUcNowp6cvspg0jXznRTKDjm/E7AdgFBVeAPVMNcKGsHMA==",
          "requires": {
            "ms": "2.0.0"
          }
        },
        "ms": {
          "version": "2.0.0",
          "resolved": "https://registry.npmjs.org/ms/-/ms-2.0.0.tgz",
          "integrity": "sha1-VgiurfwAvmwpAd9fmGF4jeDVl8g="
        },
        "semver": {
          "version": "5.6.0",
          "resolved": "https://registry.npmjs.org/semver/-/semver-5.6.0.tgz",
          "integrity": "sha512-RS9R6R35NYgQn++fkDWaOmqGoj4Ek9gGs+DPxNUZKuwE183xjJroKvyo1IzVFeXvUrvmALy6FWD5xrdJT25gMg=="
        }
      }
    },
    "ws": {
      "version": "4.1.0",
      "resolved": "https://registry.npmjs.org/ws/-/ws-4.1.0.tgz",
      "integrity": "sha512-ZGh/8kF9rrRNffkLFV4AzhvooEclrOH0xaugmqGsIfFgOE/pIz4fMc4Ef+5HSQqTEug2S9JZIWDR47duDSLfaA==",
      "requires": {
        "async-limiter": "~1.0.0",
        "safe-buffer": "~5.1.0"
      }
    }
  }
}
